
Microsoft Visual Studio Solution File, Format Version 12.00
# Visual Studio 15
VisualStudioVersion = 15.0.27703.2000
MinimumVisualStudioVersion = 10.0.40219.1
Project("{9A19103F-16F7-4668-BE54-9A1E7A4F7556}") = "Range", "Lesson01\Range.csproj", "{E87938FD-6131-4967-AD70-C569937EB217}"
EndProject
Project("{FAE04EC0-301F-11D3-BF4B-00C04F79EFBC}") = "Shape", "Shape\Shape.csproj", "{0E3F973A-8E88-4A02-94DF-D8F4BEA945B5}"
EndProject
Project("{FAE04EC0-301F-11D3-BF4B-00C04F79EFBC}") = "Vector", "Vector\Vector.csproj", "{073544B6-2D5D-4A8E-BEA2-5C4468A009E4}"
EndProject
Project("{FAE04EC0-301F-11D3-BF4B-00C04F79EFBC}") = "ArrayListHome", "ArrayListHome\ArrayListHome.csproj", "{9F380B64-DCCC-4037-B6F8-637A5ABC180C}"
EndProject
Project("{FAE04EC0-301F-11D3-BF4B-00C04F79EFBC}") = "Matrix", "Matrix\Matrix.csproj", "{26AC6837-8F4C-4602-85FD-47A3B2A3896D}"
EndProject
Global
	GlobalSection(SolutionConfigurationPlatforms) = preSolution
		Debug|Any CPU = Debug|Any CPU
		Release|Any CPU = Release|Any CPU
	EndGlobalSection
	GlobalSection(ProjectConfigurationPlatforms) = postSolution
		{E87938FD-6131-4967-AD70-C569937EB217}.Debug|Any CPU.ActiveCfg = Debug|Any CPU
		{E87938FD-6131-4967-AD70-C569937EB217}.Debug|Any CPU.Build.0 = Debug|Any CPU
		{E87938FD-6131-4967-AD70-C569937EB217}.Release|Any CPU.ActiveCfg = Release|Any CPU
		{E87938FD-6131-4967-AD70-C569937EB217}.Release|Any CPU.Build.0 = Release|Any CPU
		{0E3F973A-8E88-4A02-94DF-D8F4BEA945B5}.Debug|Any CPU.ActiveCfg = Debug|Any CPU
		{0E3F973A-8E88-4A02-94DF-D8F4BEA945B5}.Debug|Any CPU.Build.0 = Debug|Any CPU
		{0E3F973A-8E88-4A02-94DF-D8F4BEA945B5}.Release|Any CPU.ActiveCfg = Release|Any CPU
		{0E3F973A-8E88-4A02-94DF-D8F4BEA945B5}.Release|Any CPU.Build.0 = Release|Any CPU
		{073544B6-2D5D-4A8E-BEA2-5C4468A009E4}.Debug|Any CPU.ActiveCfg = Debug|Any CPU
		{073544B6-2D5D-4A8E-BEA2-5C4468A009E4}.Debug|Any CPU.Build.0 = Debug|Any CPU
		{073544B6-2D5D-4A8E-BEA2-5C4468A009E4}.Release|Any CPU.ActiveCfg = Release|Any CPU
		{073544B6-2D5D-4A8E-BEA2-5C4468A009E4}.Release|Any CPU.Build.0 = Release|Any CPU
		{9F380B64-DCCC-4037-B6F8-637A5ABC180C}.Debug|Any CPU.ActiveCfg = Debug|Any CPU
		{9F380B64-DCCC-4037-B6F8-637A5ABC180C}.Debug|Any CPU.Build.0 = Debug|Any CPU
		{9F380B64-DCCC-4037-B6F8-637A5ABC180C}.Release|Any CPU.ActiveCfg = Release|Any CPU
		{9F380B64-DCCC-4037-B6F8-637A5ABC180C}.Release|Any CPU.Build.0 = Release|Any CPU
		{26AC6837-8F4C-4602-85FD-47A3B2A3896D}.Debug|Any CPU.ActiveCfg = Debug|Any CPU
		{26AC6837-8F4C-4602-85FD-47A3B2A3896D}.Debug|Any CPU.Build.0 = Debug|Any CPU
		{26AC6837-8F4C-4602-85FD-47A3B2A3896D}.Release|Any CPU.ActiveCfg = Release|Any CPU
		{26AC6837-8F4C-4602-85FD-47A3B2A3896D}.Release|Any CPU.Build.0 = Release|Any CPU
	EndGlobalSection
	GlobalSection(SolutionProperties) = preSolution
		HideSolutionNode = FALSE
	EndGlobalSection
	GlobalSection(ExtensibilityGlobals) = postSolution
		SolutionGuid = {682AE6A2-333B-4122-B0F6-44C0930AD414}
	EndGlobalSection
EndGlobal
